
Microsoft Visual Studio Solution File, Format Version 12.00
Project("{FAE04EC0-301F-11D3-BF4B-00C04F79EFBC}") = "TDDPrototype.test", "TDDPrototype.test\TDDPrototype.test.csproj", "{0338196C-C849-40A8-87D7-67A513554E32}"
EndProject
Project("{FAE04EC0-301F-11D3-BF4B-00C04F79EFBC}") = "TDDPrototype.Api", "TDDPrototype.Api\TDDPrototype.Api.csproj", "{1DDBB49B-A6D5-405E-9C7F-A6DA0C7C340B}"
EndProject
Global
	GlobalSection(SolutionConfigurationPlatforms) = preSolution
		Debug|Any CPU = Debug|Any CPU
		Release|Any CPU = Release|Any CPU
	EndGlobalSection
	GlobalSection(ProjectConfigurationPlatforms) = postSolution
		{0338196C-C849-40A8-87D7-67A513554E32}.Debug|Any CPU.ActiveCfg = Debug|Any CPU
		{0338196C-C849-40A8-87D7-67A513554E32}.Release|Any CPU.ActiveCfg = Release|Any CPU
		{0338196C-C849-40A8-87D7-67A513554E32}.Release|Any CPU.Build.0 = Release|Any CPU
		{0338196C-C849-40A8-87D7-67A513554E32}.Debug|Any CPU.Build.0 = Debug|Any CPU
		{1DDBB49B-A6D5-405E-9C7F-A6DA0C7C340B}.Debug|Any CPU.ActiveCfg = Debug|Any CPU
		{1DDBB49B-A6D5-405E-9C7F-A6DA0C7C340B}.Release|Any CPU.ActiveCfg = Release|Any CPU
		{1DDBB49B-A6D5-405E-9C7F-A6DA0C7C340B}.Release|Any CPU.Build.0 = Release|Any CPU
		{1DDBB49B-A6D5-405E-9C7F-A6DA0C7C340B}.Debug|Any CPU.Build.0 = Debug|Any CPU
	EndGlobalSection
EndGlobal
